
Microsoft Visual Studio Solution File, Format Version 12.00
# Visual Studio Version 16
VisualStudioVersion = 16.0.30907.101
MinimumVisualStudioVersion = 10.0.40219.1
Project("{FAE04EC0-301F-11D3-BF4B-00C04F79EFBC}") = "RapportModule", "RapportModule\RapportModule.csproj", "{8CF4A560-C984-47C8-87B4-AA71DF1FF781}"
EndProject
Project("{FAE04EC0-301F-11D3-BF4B-00C04F79EFBC}") = "Nummers", "Nummers\Nummers.csproj", "{15B7C929-6AEC-45FD-A401-13BD3498C1D4}"
EndProject
Global
	GlobalSection(SolutionConfigurationPlatforms) = preSolution
		Debug|Any CPU = Debug|Any CPU
		Release|Any CPU = Release|Any CPU
	EndGlobalSection
	GlobalSection(ProjectConfigurationPlatforms) = postSolution
		{8CF4A560-C984-47C8-87B4-AA71DF1FF781}.Debug|Any CPU.ActiveCfg = Debug|Any CPU
		{8CF4A560-C984-47C8-87B4-AA71DF1FF781}.Debug|Any CPU.Build.0 = Debug|Any CPU
		{8CF4A560-C984-47C8-87B4-AA71DF1FF781}.Release|Any CPU.ActiveCfg = Release|Any CPU
		{8CF4A560-C984-47C8-87B4-AA71DF1FF781}.Release|Any CPU.Build.0 = Release|Any CPU
		{15B7C929-6AEC-45FD-A401-13BD3498C1D4}.Debug|Any CPU.ActiveCfg = Debug|Any CPU
		{15B7C929-6AEC-45FD-A401-13BD3498C1D4}.Debug|Any CPU.Build.0 = Debug|Any CPU
		{15B7C929-6AEC-45FD-A401-13BD3498C1D4}.Release|Any CPU.ActiveCfg = Release|Any CPU
		{15B7C929-6AEC-45FD-A401-13BD3498C1D4}.Release|Any CPU.Build.0 = Release|Any CPU
	EndGlobalSection
	GlobalSection(SolutionProperties) = preSolution
		HideSolutionNode = FALSE
	EndGlobalSection
	GlobalSection(ExtensibilityGlobals) = postSolution
		SolutionGuid = {059FFC75-AA13-4D8A-87E1-92F130C3113C}
	EndGlobalSection
EndGlobal
